
Microsoft Visual Studio Solution File, Format Version 12.00
# Visual Studio Version 18
VisualStudioVersion = 18.4.11626.88
MinimumVisualStudioVersion = 10.0.40219.1
Project("{2150E333-8FDC-42A3-9474-1A3956D46DE8}") = "01 UI", "01 UI", "{02EA681E-C7D8-13C7-8484-4AC65E1B71E8}"
EndProject
Project("{2150E333-8FDC-42A3-9474-1A3956D46DE8}") = "02 Service", "02 Service", "{37C9184F-4001-4FCB-B99E-2E5B660F8334}"
EndProject
Project("{2150E333-8FDC-42A3-9474-1A3956D46DE8}") = "03 Domain", "03 Domain", "{9CFC57EB-2113-48E6-AA82-56555D2E4DD1}"
EndProject
Project("{2150E333-8FDC-42A3-9474-1A3956D46DE8}") = "04 Infrastructure", "04 Infrastructure", "{0C386FC5-BD20-422F-8C6A-AF0489C4207D}"
EndProject
Project("{FAE04EC0-301F-11D3-BF4B-00C04F79EFBC}") = "DrSoft.MarkCard.Service", "02 Service\DrSoft.MarkCard.Service\DrSoft.MarkCard.Service.csproj", "{BFE8EE7F-E2B6-52E4-E47F-E1FC6533FE48}"
EndProject
Project("{FAE04EC0-301F-11D3-BF4B-00C04F79EFBC}") = "DrSoft.MarkCard.RTC", "04 Infrastructure\DrSoft.MarkCard.RTC\DrSoft.MarkCard.RTC.csproj", "{20207879-0B4E-859B-4BF8-DEA87CE43E8D}"
EndProject
Project("{FAE04EC0-301F-11D3-BF4B-00C04F79EFBC}") = "DrSoft.MarkCard.Interface", "03 Domain\DrSoft.MarkCard.Interface\DrSoft.MarkCard.Interface.csproj", "{6F6743C6-8FC3-59E6-1C58-623EBB32A7A6}"
EndProject
Project("{FAE04EC0-301F-11D3-BF4B-00C04F79EFBC}") = "DrSoft.MarkCard.Model", "03 Domain\DrSoft.MarkCard.Model\DrSoft.MarkCard.Model.csproj", "{CA63F589-F532-4C7B-B669-1A899A1D0130}"
EndProject
Project("{FAE04EC0-301F-11D3-BF4B-00C04F79EFBC}") = "DrSoft.MarkCard.Impl", "03 Domain\DrSoft.MarkCard.Impl\DrSoft.MarkCard.Impl.csproj", "{CED9C364-5385-21F1-4AEC-7BC6E66ED7AB}"
EndProject
Project("{2150E333-8FDC-42A3-9474-1A3956D46DE8}") = "99 Components", "99 Components", "{E4B58ED5-D371-47A2-B954-076AC771B935}"
EndProject
Project("{2150E333-8FDC-42A3-9474-1A3956D46DE8}") = "Drawing", "Drawing", "{6854374F-22EF-4152-AAA1-EBDB08968866}"
EndProject
Project("{FAE04EC0-301F-11D3-BF4B-00C04F79EFBC}") = "DrSoft.Drawing.Controls", "99 Components\Drawing\DrSoft.Drawing.Controls\DrSoft.Drawing.Controls.csproj", "{F9652CB2-C310-44CC-A868-1A4C3D4F3A4A}"
EndProject
Project("{FAE04EC0-301F-11D3-BF4B-00C04F79EFBC}") = "MarkCardDemo", "01 UI\MarkCardDemo\MarkCardDemo.csproj", "{E8DDA4B2-7A60-0114-5BB4-873CF59407B3}"
EndProject
Project("{FAE04EC0-301F-11D3-BF4B-00C04F79EFBC}") = "DrSoft.Drawing.Model", "99 Components\Drawing\DrSoft.Drawing.Models\DrSoft.Drawing.Model.csproj", "{FAA8EEC4-6C9E-49ED-A70E-E69B3865356B}"
EndProject
Project("{FAE04EC0-301F-11D3-BF4B-00C04F79EFBC}") = "DrSoft.Drawing.Event", "99 Components\Drawing\DrSoft.Drawing.Event\DrSoft.Drawing.Event.csproj", "{8D557D01-2AA0-4333-956A-1EEC0F1448AB}"
EndProject
Project("{2150E333-8FDC-42A3-9474-1A3956D46DE8}") = "Docking", "Docking", "{E144A4B0-2691-41D1-AEAE-3791F9C93F78}"
EndProject
Project("{FAE04EC0-301F-11D3-BF4B-00C04F79EFBC}") = "DrSoft.Docking", "99 Components\Docking\DrSoft.Docking.csproj", "{BD20F405-276C-4398-FF88-67218F1FA890}"
EndProject
Project("{FAE04EC0-301F-11D3-BF4B-00C04F79EFBC}") = "DrSoft.MarkCard.EasternLogic", "04 Infrastructure\DrSoft.MarkCard.EasternLogic\DrSoft.MarkCard.EasternLogic.csproj", "{317E4A23-4E9C-388D-8125-AF2867C3FFF3}"
EndProject
Project("{FAE04EC0-301F-11D3-BF4B-00C04F79EFBC}") = "DrSoft.MarkCard.BoChu", "04 Infrastructure\DrSoft.MarkCard.BoChu\DrSoft.MarkCard.BoChu.csproj", "{ADBE260D-27CF-485A-86D0-A7FABCEAA675}"
EndProject
Project("{FAE04EC0-301F-11D3-BF4B-00C04F79EFBC}") = "ProcessComponent", "ProcessComponent\ProcessComponent.csproj", "{EBB933D5-D811-9956-21E0-5F7CC95D78DC}"
EndProject
Project("{2150E333-8FDC-42A3-9474-1A3956D46DE8}") = "Steps", "Steps", "{08D6BE5A-42AC-474B-9931-65FAC4F40DAD}"
EndProject
Project("{FAE04EC0-301F-11D3-BF4B-00C04F79EFBC}") = "DrSoft.FlowControl.Steps", "DrSoft.FlowControl.Steps\DrSoft.FlowControl.Steps.csproj", "{56B2BAC1-16B5-4D86-95DF-0A12A9591E28}"
EndProject
Project("{2150E333-8FDC-42A3-9474-1A3956D46DE8}") = "ProcessBuilder", "ProcessBuilder", "{C25E48B6-94E7-4D25-A6CE-BEA6145838C7}"
EndProject
Project("{FAE04EC0-301F-11D3-BF4B-00C04F79EFBC}") = "DrSoft.FlowControl.Builder", "DrSoft.FlowControl.Builder\DrSoft.FlowControl.Builder.csproj", "{4C3638DC-DCF2-4E72-A795-4BC5B6238C81}"
EndProject
Project("{2150E333-8FDC-42A3-9474-1A3956D46DE8}") = "Engine", "Engine", "{3CE2BBEB-4BE6-438A-A1D8-F65EC8444865}"
EndProject
Project("{FAE04EC0-301F-11D3-BF4B-00C04F79EFBC}") = "DrSoft.FlowControl.Engine", "DrSoft.FlowControl.Engine\DrSoft.FlowControl.Engine.csproj", "{FF88CF5C-B382-488C-BA88-5865DE0D1665}"
EndProject
Project("{FAE04EC0-301F-11D3-BF4B-00C04F79EFBC}") = "DrSoft.FlowControl.Service", "DrSoft.FlowControl.Service\DrSoft.FlowControl.Service.csproj", "{3FEC95DC-A467-4024-9FAA-D4F3549963A4}"
EndProject
Project("{FAE04EC0-301F-11D3-BF4B-00C04F79EFBC}") = "DrSoft.Drawing.DTO", "99 Components\Drawing\DrSoft.Drawing.DTO\DrSoft.Drawing.DTO.csproj", "{6891C514-B7D5-C7D3-054C-38F642D63376}"
EndProject
Project("{FAE04EC0-301F-11D3-BF4B-00C04F79EFBC}") = "DrSoft.Drawing.Registration", "99 Components\Drawing\DrSoft.Drawing.Registration\DrSoft.Drawing.Registration.csproj", "{F1E466B7-B329-4897-A8CA-86DB4E633F25}"
EndProject
Project("{FAE04EC0-301F-11D3-BF4B-00C04F79EFBC}") = "DrSoft.Drawing.Contracts", "99 Components\Drawing\DrSoft.Drawing.Contracts\DrSoft.Drawing.Contracts.csproj", "{8AF09914-02E7-4A0D-A938-5E1BC6D96B3C}"
EndProject
Project("{2150E333-8FDC-42A3-9474-1A3956D46DE8}") = "05 Common", "05 Common", "{51101450-DFB5-4B36-AB9C-5D67C9C0F900}"
EndProject
Project("{FAE04EC0-301F-11D3-BF4B-00C04F79EFBC}") = "DrSoft.MarkCard.Utils", "05 Common\DrSoft.MarkCard.Utils\DrSoft.MarkCard.Utils.csproj", "{F0CDE304-C319-486A-99C4-A93F9D17A91D}"
EndProject
Project("{FAE04EC0-301F-11D3-BF4B-00C04F79EFBC}") = "DrSoft.MarkCard.Event", "05 Common\DrSoft.MarkCard.Event\DrSoft.MarkCard.Event.csproj", "{53F69161-5E4C-45A3-947E-82A98576BD2D}"
EndProject
Project("{FAE04EC0-301F-11D3-BF4B-00C04F79EFBC}") = "DrSoft.MarkCard.UI", "01 UI\DrSoft.MarkCard.UI\DrSoft.MarkCard.UI.csproj", "{015D34F4-C7A5-E810-19B2-BBCFEF28AECC}"
EndProject
Project("{FAE04EC0-301F-11D3-BF4B-00C04F79EFBC}") = "DrSoft.Drawing.Utility", "99 Components\Drawing\DrSoft.Drawing.Utility\DrSoft.Drawing.Utility.csproj", "{8E0892FC-70DC-4204-8F20-60A3855867A9}"
EndProject
Project("{FAE04EC0-301F-11D3-BF4B-00C04F79EFBC}") = "DrSoft.MarkCard.CommonUI", "DrSoft.MarkCard.CommonUI\DrSoft.MarkCard.CommonUI.csproj", "{E355BE40-36C7-4073-A34E-3A63EE6D1FE9}"
EndProject
Global
	GlobalSection(SolutionConfigurationPlatforms) = preSolution
		Debug|Any CPU = Debug|Any CPU
		Debug|x64 = Debug|x64
		Debug|x86 = Debug|x86
		Release|Any CPU = Release|Any CPU
		Release|x64 = Release|x64
		Release|x86 = Release|x86
	EndGlobalSection
	GlobalSection(ProjectConfigurationPlatforms) = postSolution
		{BFE8EE7F-E2B6-52E4-E47F-E1FC6533FE48}.Debug|Any CPU.ActiveCfg = Debug|Any CPU
		{BFE8EE7F-E2B6-52E4-E47F-E1FC6533FE48}.Debug|Any CPU.Build.0 = Debug|Any CPU
		{BFE8EE7F-E2B6-52E4-E47F-E1FC6533FE48}.Debug|x64.ActiveCfg = Debug|Any CPU
		{BFE8EE7F-E2B6-52E4-E47F-E1FC6533FE48}.Debug|x64.Build.0 = Debug|Any CPU
		{BFE8EE7F-E2B6-52E4-E47F-E1FC6533FE48}.Debug|x86.ActiveCfg = Debug|Any CPU
		{BFE8EE7F-E2B6-52E4-E47F-E1FC6533FE48}.Debug|x86.Build.0 = Debug|Any CPU
		{BFE8EE7F-E2B6-52E4-E47F-E1FC6533FE48}.Release|Any CPU.ActiveCfg = Release|Any CPU
		{BFE8EE7F-E2B6-52E4-E47F-E1FC6533FE48}.Release|Any CPU.Build.0 = Release|Any CPU
		{BFE8EE7F-E2B6-52E4-E47F-E1FC6533FE48}.Release|x64.ActiveCfg = Release|Any CPU
		{BFE8EE7F-E2B6-52E4-E47F-E1FC6533FE48}.Release|x64.Build.0 = Release|Any CPU
		{BFE8EE7F-E2B6-52E4-E47F-E1FC6533FE48}.Release|x86.ActiveCfg = Release|Any CPU
		{BFE8EE7F-E2B6-52E4-E47F-E1FC6533FE48}.Release|x86.Build.0 = Release|Any CPU
		{20207879-0B4E-859B-4BF8-DEA87CE43E8D}.Debug|Any CPU.ActiveCfg = Debug|Any CPU
		{20207879-0B4E-859B-4BF8-DEA87CE43E8D}.Debug|Any CPU.Build.0 = Debug|Any CPU
		{20207879-0B4E-859B-4BF8-DEA87CE43E8D}.Debug|x64.ActiveCfg = Debug|Any CPU
		{20207879-0B4E-859B-4BF8-DEA87CE43E8D}.Debug|x64.Build.0 = Debug|Any CPU
		{20207879-0B4E-859B-4BF8-DEA87CE43E8D}.Debug|x86.ActiveCfg = Debug|Any CPU
		{20207879-0B4E-859B-4BF8-DEA87CE43E8D}.Debug|x86.Build.0 = Debug|Any CPU
		{20207879-0B4E-859B-4BF8-DEA87CE43E8D}.Release|Any CPU.ActiveCfg = Release|Any CPU
		{20207879-0B4E-859B-4BF8-DEA87CE43E8D}.Release|Any CPU.Build.0 = Release|Any CPU
		{20207879-0B4E-859B-4BF8-DEA87CE43E8D}.Release|x64.ActiveCfg = Release|Any CPU
		{20207879-0B4E-859B-4BF8-DEA87CE43E8D}.Release|x64.Build.0 = Release|Any CPU
		{20207879-0B4E-859B-4BF8-DEA87CE43E8D}.Release|x86.ActiveCfg = Release|Any CPU
		{20207879-0B4E-859B-4BF8-DEA87CE43E8D}.Release|x86.Build.0 = Release|Any CPU
		{6F6743C6-8FC3-59E6-1C58-623EBB32A7A6}.Debug|Any CPU.ActiveCfg = Debug|Any CPU
		{6F6743C6-8FC3-59E6-1C58-623EBB32A7A6}.Debug|Any CPU.Build.0 = Debug|Any CPU
		{6F6743C6-8FC3-59E6-1C58-623EBB32A7A6}.Debug|x64.ActiveCfg = Debug|Any CPU
		{6F6743C6-8FC3-59E6-1C58-623EBB32A7A6}.Debug|x64.Build.0 = Debug|Any CPU
		{6F6743C6-8FC3-59E6-1C58-623EBB32A7A6}.Debug|x86.ActiveCfg = Debug|Any CPU
		{6F6743C6-8FC3-59E6-1C58-623EBB32A7A6}.Debug|x86.Build.0 = Debug|Any CPU
		{6F6743C6-8FC3-59E6-1C58-623EBB32A7A6}.Release|Any CPU.ActiveCfg = Release|Any CPU
		{6F6743C6-8FC3-59E6-1C58-623EBB32A7A6}.Release|Any CPU.Build.0 = Release|Any CPU
		{6F6743C6-8FC3-59E6-1C58-623EBB32A7A6}.Release|x64.ActiveCfg = Release|Any CPU
		{6F6743C6-8FC3-59E6-1C58-623EBB32A7A6}.Release|x64.Build.0 = Release|Any CPU
		{6F6743C6-8FC3-59E6-1C58-623EBB32A7A6}.Release|x86.ActiveCfg = Release|Any CPU
		{6F6743C6-8FC3-59E6-1C58-623EBB32A7A6}.Release|x86.Build.0 = Release|Any CPU
		{CA63F589-F532-4C7B-B669-1A899A1D0130}.Debug|Any CPU.ActiveCfg = Debug|Any CPU
		{CA63F589-F532-4C7B-B669-1A899A1D0130}.Debug|Any CPU.Build.0 = Debug|Any CPU
		{CA63F589-F532-4C7B-B669-1A899A1D0130}.Debug|x64.ActiveCfg = Debug|Any CPU
		{CA63F589-F532-4C7B-B669-1A899A1D0130}.Debug|x64.Build.0 = Debug|Any CPU
		{CA63F589-F532-4C7B-B669-1A899A1D0130}.Debug|x86.ActiveCfg = Debug|Any CPU
		{CA63F589-F532-4C7B-B669-1A899A1D0130}.Debug|x86.Build.0 = Debug|Any CPU
		{CA63F589-F532-4C7B-B669-1A899A1D0130}.Release|Any CPU.ActiveCfg = Release|Any CPU
		{CA63F589-F532-4C7B-B669-1A899A1D0130}.Release|Any CPU.Build.0 = Release|Any CPU
		{CA63F589-F532-4C7B-B669-1A899A1D0130}.Release|x64.ActiveCfg = Release|Any CPU
		{CA63F589-F532-4C7B-B669-1A899A1D0130}.Release|x64.Build.0 = Release|Any CPU
		{CA63F589-F532-4C7B-B669-1A899A1D0130}.Release|x86.ActiveCfg = Release|Any CPU
		{CA63F589-F532-4C7B-B669-1A899A1D0130}.Release|x86.Build.0 = Release|Any CPU
		{CED9C364-5385-21F1-4AEC-7BC6E66ED7AB}.Debug|Any CPU.ActiveCfg = Debug|Any CPU
		{CED9C364-5385-21F1-4AEC-7BC6E66ED7AB}.Debug|Any CPU.Build.0 = Debug|Any CPU
		{CED9C364-5385-21F1-4AEC-7BC6E66ED7AB}.Debug|x64.ActiveCfg = Debug|Any CPU
		{CED9C364-5385-21F1-4AEC-7BC6E66ED7AB}.Debug|x64.Build.0 = Debug|Any CPU
		{CED9C364-5385-21F1-4AEC-7BC6E66ED7AB}.Debug|x86.ActiveCfg = Debug|Any CPU
		{CED9C364-5385-21F1-4AEC-7BC6E66ED7AB}.Debug|x86.Build.0 = Debug|Any CPU
		{CED9C364-5385-21F1-4AEC-7BC6E66ED7AB}.Release|Any CPU.ActiveCfg = Release|Any CPU
		{CED9C364-5385-21F1-4AEC-7BC6E66ED7AB}.Release|Any CPU.Build.0 = Release|Any CPU
		{CED9C364-5385-21F1-4AEC-7BC6E66ED7AB}.Release|x64.ActiveCfg = Release|Any CPU
		{CED9C364-5385-21F1-4AEC-7BC6E66ED7AB}.Release|x64.Build.0 = Release|Any CPU
		{CED9C364-5385-21F1-4AEC-7BC6E66ED7AB}.Release|x86.ActiveCfg = Release|Any CPU
		{CED9C364-5385-21F1-4AEC-7BC6E66ED7AB}.Release|x86.Build.0 = Release|Any CPU
		{F9652CB2-C310-44CC-A868-1A4C3D4F3A4A}.Debug|Any CPU.ActiveCfg = Debug|Any CPU
		{F9652CB2-C310-44CC-A868-1A4C3D4F3A4A}.Debug|Any CPU.Build.0 = Debug|Any CPU
		{F9652CB2-C310-44CC-A868-1A4C3D4F3A4A}.Debug|x64.ActiveCfg = Debug|Any CPU
		{F9652CB2-C310-44CC-A868-1A4C3D4F3A4A}.Debug|x64.Build.0 = Debug|Any CPU
		{F9652CB2-C310-44CC-A868-1A4C3D4F3A4A}.Debug|x86.ActiveCfg = Debug|Any CPU
		{F9652CB2-C310-44CC-A868-1A4C3D4F3A4A}.Debug|x86.Build.0 = Debug|Any CPU
		{F9652CB2-C310-44CC-A868-1A4C3D4F3A4A}.Release|Any CPU.ActiveCfg = Release|Any CPU
		{F9652CB2-C310-44CC-A868-1A4C3D4F3A4A}.Release|Any CPU.Build.0 = Release|Any CPU
		{F9652CB2-C310-44CC-A868-1A4C3D4F3A4A}.Release|x64.ActiveCfg = Release|Any CPU
		{F9652CB2-C310-44CC-A868-1A4C3D4F3A4A}.Release|x64.Build.0 = Release|Any CPU
		{F9652CB2-C310-44CC-A868-1A4C3D4F3A4A}.Release|x86.ActiveCfg = Release|Any CPU
		{F9652CB2-C310-44CC-A868-1A4C3D4F3A4A}.Release|x86.Build.0 = Release|Any CPU
		{E8DDA4B2-7A60-0114-5BB4-873CF59407B3}.Debug|Any CPU.ActiveCfg = Debug|Any CPU
		{E8DDA4B2-7A60-0114-5BB4-873CF59407B3}.Debug|Any CPU.Build.0 = Debug|Any CPU
		{E8DDA4B2-7A60-0114-5BB4-873CF59407B3}.Debug|x64.ActiveCfg = Debug|Any CPU
		{E8DDA4B2-7A60-0114-5BB4-873CF59407B3}.Debug|x64.Build.0 = Debug|Any CPU
		{E8DDA4B2-7A60-0114-5BB4-873CF59407B3}.Debug|x86.ActiveCfg = Debug|Any CPU
		{E8DDA4B2-7A60-0114-5BB4-873CF59407B3}.Debug|x86.Build.0 = Debug|Any CPU
		{E8DDA4B2-7A60-0114-5BB4-873CF59407B3}.Release|Any CPU.ActiveCfg = Release|Any CPU
		{E8DDA4B2-7A60-0114-5BB4-873CF59407B3}.Release|Any CPU.Build.0 = Release|Any CPU
		{E8DDA4B2-7A60-0114-5BB4-873CF59407B3}.Release|x64.ActiveCfg = Release|Any CPU
		{E8DDA4B2-7A60-0114-5BB4-873CF59407B3}.Release|x64.Build.0 = Release|Any CPU
		{E8DDA4B2-7A60-0114-5BB4-873CF59407B3}.Release|x86.ActiveCfg = Release|Any CPU
		{E8DDA4B2-7A60-0114-5BB4-873CF59407B3}.Release|x86.Build.0 = Release|Any CPU
		{FAA8EEC4-6C9E-49ED-A70E-E69B3865356B}.Debug|Any CPU.ActiveCfg = Debug|Any CPU
		{FAA8EEC4-6C9E-49ED-A70E-E69B3865356B}.Debug|Any CPU.Build.0 = Debug|Any CPU
		{FAA8EEC4-6C9E-49ED-A70E-E69B3865356B}.Debug|x64.ActiveCfg = Debug|Any CPU
		{FAA8EEC4-6C9E-49ED-A70E-E69B3865356B}.Debug|x64.Build.0 = Debug|Any CPU
		{FAA8EEC4-6C9E-49ED-A70E-E69B3865356B}.Debug|x86.ActiveCfg = Debug|Any CPU
		{FAA8EEC4-6C9E-49ED-A70E-E69B3865356B}.Debug|x86.Build.0 = Debug|Any CPU
		{FAA8EEC4-6C9E-49ED-A70E-E69B3865356B}.Release|Any CPU.ActiveCfg = Release|Any CPU
		{FAA8EEC4-6C9E-49ED-A70E-E69B3865356B}.Release|Any CPU.Build.0 = Release|Any CPU
		{FAA8EEC4-6C9E-49ED-A70E-E69B3865356B}.Release|x64.ActiveCfg = Release|Any CPU
		{FAA8EEC4-6C9E-49ED-A70E-E69B3865356B}.Release|x64.Build.0 = Release|Any CPU
		{FAA8EEC4-6C9E-49ED-A70E-E69B3865356B}.Release|x86.ActiveCfg = Release|Any CPU
		{FAA8EEC4-6C9E-49ED-A70E-E69B3865356B}.Release|x86.Build.0 = Release|Any CPU
		{8D557D01-2AA0-4333-956A-1EEC0F1448AB}.Debug|Any CPU.ActiveCfg = Debug|Any CPU
		{8D557D01-2AA0-4333-956A-1EEC0F1448AB}.Debug|Any CPU.Build.0 = Debug|Any CPU
		{8D557D01-2AA0-4333-956A-1EEC0F1448AB}.Debug|x64.ActiveCfg = Debug|Any CPU
		{8D557D01-2AA0-4333-956A-1EEC0F1448AB}.Debug|x64.Build.0 = Debug|Any CPU
		{8D557D01-2AA0-4333-956A-1EEC0F1448AB}.Debug|x86.ActiveCfg = Debug|Any CPU
		{8D557D01-2AA0-4333-956A-1EEC0F1448AB}.Debug|x86.Build.0 = Debug|Any CPU
		{8D557D01-2AA0-4333-956A-1EEC0F1448AB}.Release|Any CPU.ActiveCfg = Release|Any CPU
		{8D557D01-2AA0-4333-956A-1EEC0F1448AB}.Release|Any CPU.Build.0 = Release|Any CPU
		{8D557D01-2AA0-4333-956A-1EEC0F1448AB}.Release|x64.ActiveCfg = Release|Any CPU
		{8D557D01-2AA0-4333-956A-1EEC0F1448AB}.Release|x64.Build.0 = Release|Any CPU
		{8D557D01-2AA0-4333-956A-1EEC0F1448AB}.Release|x86.ActiveCfg = Release|Any CPU
		{8D557D01-2AA0-4333-956A-1EEC0F1448AB}.Release|x86.Build.0 = Release|Any CPU
		{BD20F405-276C-4398-FF88-67218F1FA890}.Debug|Any CPU.ActiveCfg = Debug|Any CPU
		{BD20F405-276C-4398-FF88-67218F1FA890}.Debug|Any CPU.Build.0 = Debug|Any CPU
		{BD20F405-276C-4398-FF88-67218F1FA890}.Debug|x64.ActiveCfg = Debug|Any CPU
		{BD20F405-276C-4398-FF88-67218F1FA890}.Debug|x64.Build.0 = Debug|Any CPU
		{BD20F405-276C-4398-FF88-67218F1FA890}.Debug|x86.ActiveCfg = Debug|Any CPU
		{BD20F405-276C-4398-FF88-67218F1FA890}.Debug|x86.Build.0 = Debug|Any CPU
		{BD20F405-276C-4398-FF88-67218F1FA890}.Release|Any CPU.ActiveCfg = Release|Any CPU
		{BD20F405-276C-4398-FF88-67218F1FA890}.Release|Any CPU.Build.0 = Release|Any CPU
		{BD20F405-276C-4398-FF88-67218F1FA890}.Release|x64.ActiveCfg = Release|Any CPU
		{BD20F405-276C-4398-FF88-67218F1FA890}.Release|x64.Build.0 = Release|Any CPU
		{BD20F405-276C-4398-FF88-67218F1FA890}.Release|x86.ActiveCfg = Release|Any CPU
		{BD20F405-276C-4398-FF88-67218F1FA890}.Release|x86.Build.0 = Release|Any CPU
		{317E4A23-4E9C-388D-8125-AF2867C3FFF3}.Debug|Any CPU.ActiveCfg = Debug|Any CPU
		{317E4A23-4E9C-388D-8125-AF2867C3FFF3}.Debug|Any CPU.Build.0 = Debug|Any CPU
		{317E4A23-4E9C-388D-8125-AF2867C3FFF3}.Debug|x64.ActiveCfg = Debug|Any CPU
		{317E4A23-4E9C-388D-8125-AF2867C3FFF3}.Debug|x64.Build.0 = Debug|Any CPU
		{317E4A23-4E9C-388D-8125-AF2867C3FFF3}.Debug|x86.ActiveCfg = Debug|Any CPU
		{317E4A23-4E9C-388D-8125-AF2867C3FFF3}.Debug|x86.Build.0 = Debug|Any CPU
		{317E4A23-4E9C-388D-8125-AF2867C3FFF3}.Release|Any CPU.ActiveCfg = Release|Any CPU
		{317E4A23-4E9C-388D-8125-AF2867C3FFF3}.Release|Any CPU.Build.0 = Release|Any CPU
		{317E4A23-4E9C-388D-8125-AF2867C3FFF3}.Release|x64.ActiveCfg = Release|Any CPU
		{317E4A23-4E9C-388D-8125-AF2867C3FFF3}.Release|x64.Build.0 = Release|Any CPU
		{317E4A23-4E9C-388D-8125-AF2867C3FFF3}.Release|x86.ActiveCfg = Release|Any CPU
		{317E4A23-4E9C-388D-8125-AF2867C3FFF3}.Release|x86.Build.0 = Release|Any CPU
		{ADBE260D-27CF-485A-86D0-A7FABCEAA675}.Debug|Any CPU.ActiveCfg = Debug|Any CPU
		{ADBE260D-27CF-485A-86D0-A7FABCEAA675}.Debug|Any CPU.Build.0 = Debug|Any CPU
		{ADBE260D-27CF-485A-86D0-A7FABCEAA675}.Debug|x64.ActiveCfg = Debug|Any CPU
		{ADBE260D-27CF-485A-86D0-A7FABCEAA675}.Debug|x64.Build.0 = Debug|Any CPU
		{ADBE260D-27CF-485A-86D0-A7FABCEAA675}.Debug|x86.ActiveCfg = Debug|Any CPU
		{ADBE260D-27CF-485A-86D0-A7FABCEAA675}.Debug|x86.Build.0 = Debug|Any CPU
		{ADBE260D-27CF-485A-86D0-A7FABCEAA675}.Release|Any CPU.ActiveCfg = Release|Any CPU
		{ADBE260D-27CF-485A-86D0-A7FABCEAA675}.Release|Any CPU.Build.0 = Release|Any CPU
		{ADBE260D-27CF-485A-86D0-A7FABCEAA675}.Release|x64.ActiveCfg = Release|Any CPU
		{ADBE260D-27CF-485A-86D0-A7FABCEAA675}.Release|x64.Build.0 = Release|Any CPU
		{ADBE260D-27CF-485A-86D0-A7FABCEAA675}.Release|x86.ActiveCfg = Release|Any CPU
		{ADBE260D-27CF-485A-86D0-A7FABCEAA675}.Release|x86.Build.0 = Release|Any CPU
		{EBB933D5-D811-9956-21E0-5F7CC95D78DC}.Debug|Any CPU.ActiveCfg = Debug|Any CPU
		{EBB933D5-D811-9956-21E0-5F7CC95D78DC}.Debug|Any CPU.Build.0 = Debug|Any CPU
		{EBB933D5-D811-9956-21E0-5F7CC95D78DC}.Debug|x64.ActiveCfg = Debug|Any CPU
		{EBB933D5-D811-9956-21E0-5F7CC95D78DC}.Debug|x64.Build.0 = Debug|Any CPU
		{EBB933D5-D811-9956-21E0-5F7CC95D78DC}.Debug|x86.ActiveCfg = Debug|Any CPU
		{EBB933D5-D811-9956-21E0-5F7CC95D78DC}.Debug|x86.Build.0 = Debug|Any CPU
		{EBB933D5-D811-9956-21E0-5F7CC95D78DC}.Release|Any CPU.ActiveCfg = Release|Any CPU
		{EBB933D5-D811-9956-21E0-5F7CC95D78DC}.Release|Any CPU.Build.0 = Release|Any CPU
		{EBB933D5-D811-9956-21E0-5F7CC95D78DC}.Release|x64.ActiveCfg = Release|Any CPU
		{EBB933D5-D811-9956-21E0-5F7CC95D78DC}.Release|x64.Build.0 = Release|Any CPU
		{EBB933D5-D811-9956-21E0-5F7CC95D78DC}.Release|x86.ActiveCfg = Release|Any CPU
		{EBB933D5-D811-9956-21E0-5F7CC95D78DC}.Release|x86.Build.0 = Release|Any CPU
		{56B2BAC1-16B5-4D86-95DF-0A12A9591E28}.Debug|Any CPU.ActiveCfg = Debug|Any CPU
		{56B2BAC1-16B5-4D86-95DF-0A12A9591E28}.Debug|Any CPU.Build.0 = Debug|Any CPU
		{56B2BAC1-16B5-4D86-95DF-0A12A9591E28}.Debug|x64.ActiveCfg = Debug|Any CPU
		{56B2BAC1-16B5-4D86-95DF-0A12A9591E28}.Debug|x64.Build.0 = Debug|Any CPU
		{56B2BAC1-16B5-4D86-95DF-0A12A9591E28}.Debug|x86.ActiveCfg = Debug|Any CPU
		{56B2BAC1-16B5-4D86-95DF-0A12A9591E28}.Debug|x86.Build.0 = Debug|Any CPU
		{56B2BAC1-16B5-4D86-95DF-0A12A9591E28}.Release|Any CPU.ActiveCfg = Release|Any CPU
		{56B2BAC1-16B5-4D86-95DF-0A12A9591E28}.Release|Any CPU.Build.0 = Release|Any CPU
		{56B2BAC1-16B5-4D86-95DF-0A12A9591E28}.Release|x64.ActiveCfg = Release|Any CPU
		{56B2BAC1-16B5-4D86-95DF-0A12A9591E28}.Release|x64.Build.0 = Release|Any CPU
		{56B2BAC1-16B5-4D86-95DF-0A12A9591E28}.Release|x86.ActiveCfg = Release|Any CPU
		{56B2BAC1-16B5-4D86-95DF-0A12A9591E28}.Release|x86.Build.0 = Release|Any CPU
		{4C3638DC-DCF2-4E72-A795-4BC5B6238C81}.Debug|Any CPU.ActiveCfg = Debug|Any CPU
		{4C3638DC-DCF2-4E72-A795-4BC5B6238C81}.Debug|Any CPU.Build.0 = Debug|Any CPU
		{4C3638DC-DCF2-4E72-A795-4BC5B6238C81}.Debug|x64.ActiveCfg = Debug|Any CPU
		{4C3638DC-DCF2-4E72-A795-4BC5B6238C81}.Debug|x64.Build.0 = Debug|Any CPU
		{4C3638DC-DCF2-4E72-A795-4BC5B6238C81}.Debug|x86.ActiveCfg = Debug|Any CPU
		{4C3638DC-DCF2-4E72-A795-4BC5B6238C81}.Debug|x86.Build.0 = Debug|Any CPU
		{4C3638DC-DCF2-4E72-A795-4BC5B6238C81}.Release|Any CPU.ActiveCfg = Release|Any CPU
		{4C3638DC-DCF2-4E72-A795-4BC5B6238C81}.Release|Any CPU.Build.0 = Release|Any CPU
		{4C3638DC-DCF2-4E72-A795-4BC5B6238C81}.Release|x64.ActiveCfg = Release|Any CPU
		{4C3638DC-DCF2-4E72-A795-4BC5B6238C81}.Release|x64.Build.0 = Release|Any CPU
		{4C3638DC-DCF2-4E72-A795-4BC5B6238C81}.Release|x86.ActiveCfg = Release|Any CPU
		{4C3638DC-DCF2-4E72-A795-4BC5B6238C81}.Release|x86.Build.0 = Release|Any CPU
		{FF88CF5C-B382-488C-BA88-5865DE0D1665}.Debug|Any CPU.ActiveCfg = Debug|Any CPU
		{FF88CF5C-B382-488C-BA88-5865DE0D1665}.Debug|Any CPU.Build.0 = Debug|Any CPU
		{FF88CF5C-B382-488C-BA88-5865DE0D1665}.Debug|x64.ActiveCfg = Debug|Any CPU
		{FF88CF5C-B382-488C-BA88-5865DE0D1665}.Debug|x64.Build.0 = Debug|Any CPU
		{FF88CF5C-B382-488C-BA88-5865DE0D1665}.Debug|x86.ActiveCfg = Debug|Any CPU
		{FF88CF5C-B382-488C-BA88-5865DE0D1665}.Debug|x86.Build.0 = Debug|Any CPU
		{FF88CF5C-B382-488C-BA88-5865DE0D1665}.Release|Any CPU.ActiveCfg = Release|Any CPU
		{FF88CF5C-B382-488C-BA88-5865DE0D1665}.Release|Any CPU.Build.0 = Release|Any CPU
		{FF88CF5C-B382-488C-BA88-5865DE0D1665}.Release|x64.ActiveCfg = Release|Any CPU
		{FF88CF5C-B382-488C-BA88-5865DE0D1665}.Release|x64.Build.0 = Release|Any CPU
		{FF88CF5C-B382-488C-BA88-5865DE0D1665}.Release|x86.ActiveCfg = Release|Any CPU
		{FF88CF5C-B382-488C-BA88-5865DE0D1665}.Release|x86.Build.0 = Release|Any CPU
		{3FEC95DC-A467-4024-9FAA-D4F3549963A4}.Debug|Any CPU.ActiveCfg = Debug|Any CPU
		{3FEC95DC-A467-4024-9FAA-D4F3549963A4}.Debug|Any CPU.Build.0 = Debug|Any CPU
		{3FEC95DC-A467-4024-9FAA-D4F3549963A4}.Debug|x64.ActiveCfg = Debug|Any CPU
		{3FEC95DC-A467-4024-9FAA-D4F3549963A4}.Debug|x64.Build.0 = Debug|Any CPU
		{3FEC95DC-A467-4024-9FAA-D4F3549963A4}.Debug|x86.ActiveCfg = Debug|Any CPU
		{3FEC95DC-A467-4024-9FAA-D4F3549963A4}.Debug|x86.Build.0 = Debug|Any CPU
		{3FEC95DC-A467-4024-9FAA-D4F3549963A4}.Release|Any CPU.ActiveCfg = Release|Any CPU
		{3FEC95DC-A467-4024-9FAA-D4F3549963A4}.Release|Any CPU.Build.0 = Release|Any CPU
		{3FEC95DC-A467-4024-9FAA-D4F3549963A4}.Release|x64.ActiveCfg = Release|Any CPU
		{3FEC95DC-A467-4024-9FAA-D4F3549963A4}.Release|x64.Build.0 = Release|Any CPU
		{3FEC95DC-A467-4024-9FAA-D4F3549963A4}.Release|x86.ActiveCfg = Release|Any CPU
		{3FEC95DC-A467-4024-9FAA-D4F3549963A4}.Release|x86.Build.0 = Release|Any CPU
		{6891C514-B7D5-C7D3-054C-38F642D63376}.Debug|Any CPU.ActiveCfg = Debug|Any CPU
		{6891C514-B7D5-C7D3-054C-38F642D63376}.Debug|Any CPU.Build.0 = Debug|Any CPU
		{6891C514-B7D5-C7D3-054C-38F642D63376}.Debug|x64.ActiveCfg = Debug|Any CPU
		{6891C514-B7D5-C7D3-054C-38F642D63376}.Debug|x64.Build.0 = Debug|Any CPU
		{6891C514-B7D5-C7D3-054C-38F642D63376}.Debug|x86.ActiveCfg = Debug|Any CPU
		{6891C514-B7D5-C7D3-054C-38F642D63376}.Debug|x86.Build.0 = Debug|Any CPU
		{6891C514-B7D5-C7D3-054C-38F642D63376}.Release|Any CPU.ActiveCfg = Release|Any CPU
		{6891C514-B7D5-C7D3-054C-38F642D63376}.Release|Any CPU.Build.0 = Release|Any CPU
		{6891C514-B7D5-C7D3-054C-38F642D63376}.Release|x64.ActiveCfg = Release|Any CPU
		{6891C514-B7D5-C7D3-054C-38F642D63376}.Release|x64.Build.0 = Release|Any CPU
		{6891C514-B7D5-C7D3-054C-38F642D63376}.Release|x86.ActiveCfg = Release|Any CPU
		{6891C514-B7D5-C7D3-054C-38F642D63376}.Release|x86.Build.0 = Release|Any CPU
		{F1E466B7-B329-4897-A8CA-86DB4E633F25}.Debug|Any CPU.ActiveCfg = Debug|Any CPU
		{F1E466B7-B329-4897-A8CA-86DB4E633F25}.Debug|Any CPU.Build.0 = Debug|Any CPU
		{F1E466B7-B329-4897-A8CA-86DB4E633F25}.Debug|x64.ActiveCfg = Debug|Any CPU
		{F1E466B7-B329-4897-A8CA-86DB4E633F25}.Debug|x64.Build.0 = Debug|Any CPU
		{F1E466B7-B329-4897-A8CA-86DB4E633F25}.Debug|x86.ActiveCfg = Debug|Any CPU
		{F1E466B7-B329-4897-A8CA-86DB4E633F25}.Debug|x86.Build.0 = Debug|Any CPU
		{F1E466B7-B329-4897-A8CA-86DB4E633F25}.Release|Any CPU.ActiveCfg = Release|Any CPU
		{F1E466B7-B329-4897-A8CA-86DB4E633F25}.Release|Any CPU.Build.0 = Release|Any CPU
		{F1E466B7-B329-4897-A8CA-86DB4E633F25}.Release|x64.ActiveCfg = Release|Any CPU
		{F1E466B7-B329-4897-A8CA-86DB4E633F25}.Release|x64.Build.0 = Release|Any CPU
		{F1E466B7-B329-4897-A8CA-86DB4E633F25}.Release|x86.ActiveCfg = Release|Any CPU
		{F1E466B7-B329-4897-A8CA-86DB4E633F25}.Release|x86.Build.0 = Release|Any CPU
		{8AF09914-02E7-4A0D-A938-5E1BC6D96B3C}.Debug|Any CPU.ActiveCfg = Debug|Any CPU
		{8AF09914-02E7-4A0D-A938-5E1BC6D96B3C}.Debug|Any CPU.Build.0 = Debug|Any CPU
		{8AF09914-02E7-4A0D-A938-5E1BC6D96B3C}.Debug|x64.ActiveCfg = Debug|Any CPU
		{8AF09914-02E7-4A0D-A938-5E1BC6D96B3C}.Debug|x64.Build.0 = Debug|Any CPU
		{8AF09914-02E7-4A0D-A938-5E1BC6D96B3C}.Debug|x86.ActiveCfg = Debug|Any CPU
		{8AF09914-02E7-4A0D-A938-5E1BC6D96B3C}.Debug|x86.Build.0 = Debug|Any CPU
		{8AF09914-02E7-4A0D-A938-5E1BC6D96B3C}.Release|Any CPU.ActiveCfg = Release|Any CPU
		{8AF09914-02E7-4A0D-A938-5E1BC6D96B3C}.Release|Any CPU.Build.0 = Release|Any CPU
		{8AF09914-02E7-4A0D-A938-5E1BC6D96B3C}.Release|x64.ActiveCfg = Release|Any CPU
		{8AF09914-02E7-4A0D-A938-5E1BC6D96B3C}.Release|x64.Build.0 = Release|Any CPU
		{8AF09914-02E7-4A0D-A938-5E1BC6D96B3C}.Release|x86.ActiveCfg = Release|Any CPU
		{8AF09914-02E7-4A0D-A938-5E1BC6D96B3C}.Release|x86.Build.0 = Release|Any CPU
		{F0CDE304-C319-486A-99C4-A93F9D17A91D}.Debug|Any CPU.ActiveCfg = Debug|Any CPU
		{F0CDE304-C319-486A-99C4-A93F9D17A91D}.Debug|Any CPU.Build.0 = Debug|Any CPU
		{F0CDE304-C319-486A-99C4-A93F9D17A91D}.Debug|x64.ActiveCfg = Debug|Any CPU
		{F0CDE304-C319-486A-99C4-A93F9D17A91D}.Debug|x64.Build.0 = Debug|Any CPU
		{F0CDE304-C319-486A-99C4-A93F9D17A91D}.Debug|x86.ActiveCfg = Debug|Any CPU
		{F0CDE304-C319-486A-99C4-A93F9D17A91D}.Debug|x86.Build.0 = Debug|Any CPU
		{F0CDE304-C319-486A-99C4-A93F9D17A91D}.Release|Any CPU.ActiveCfg = Release|Any CPU
		{F0CDE304-C319-486A-99C4-A93F9D17A91D}.Release|Any CPU.Build.0 = Release|Any CPU
		{F0CDE304-C319-486A-99C4-A93F9D17A91D}.Release|x64.ActiveCfg = Release|Any CPU
		{F0CDE304-C319-486A-99C4-A93F9D17A91D}.Release|x64.Build.0 = Release|Any CPU
		{F0CDE304-C319-486A-99C4-A93F9D17A91D}.Release|x86.ActiveCfg = Release|Any CPU
		{F0CDE304-C319-486A-99C4-A93F9D17A91D}.Release|x86.Build.0 = Release|Any CPU
		{53F69161-5E4C-45A3-947E-82A98576BD2D}.Debug|Any CPU.ActiveCfg = Debug|Any CPU
		{53F69161-5E4C-45A3-947E-82A98576BD2D}.Debug|Any CPU.Build.0 = Debug|Any CPU
		{53F69161-5E4C-45A3-947E-82A98576BD2D}.Debug|x64.ActiveCfg = Debug|Any CPU
		{53F69161-5E4C-45A3-947E-82A98576BD2D}.Debug|x64.Build.0 = Debug|Any CPU
		{53F69161-5E4C-45A3-947E-82A98576BD2D}.Debug|x86.ActiveCfg = Debug|Any CPU
		{53F69161-5E4C-45A3-947E-82A98576BD2D}.Debug|x86.Build.0 = Debug|Any CPU
		{53F69161-5E4C-45A3-947E-82A98576BD2D}.Release|Any CPU.ActiveCfg = Release|Any CPU
		{53F69161-5E4C-45A3-947E-82A98576BD2D}.Release|Any CPU.Build.0 = Release|Any CPU
		{53F69161-5E4C-45A3-947E-82A98576BD2D}.Release|x64.ActiveCfg = Release|Any CPU
		{53F69161-5E4C-45A3-947E-82A98576BD2D}.Release|x64.Build.0 = Release|Any CPU
		{53F69161-5E4C-45A3-947E-82A98576BD2D}.Release|x86.ActiveCfg = Release|Any CPU
		{53F69161-5E4C-45A3-947E-82A98576BD2D}.Release|x86.Build.0 = Release|Any CPU
		{015D34F4-C7A5-E810-19B2-BBCFEF28AECC}.Debug|Any CPU.ActiveCfg = Debug|Any CPU
		{015D34F4-C7A5-E810-19B2-BBCFEF28AECC}.Debug|Any CPU.Build.0 = Debug|Any CPU
		{015D34F4-C7A5-E810-19B2-BBCFEF28AECC}.Debug|x64.ActiveCfg = Debug|Any CPU
		{015D34F4-C7A5-E810-19B2-BBCFEF28AECC}.Debug|x64.Build.0 = Debug|Any CPU
		{015D34F4-C7A5-E810-19B2-BBCFEF28AECC}.Debug|x86.ActiveCfg = Debug|Any CPU
		{015D34F4-C7A5-E810-19B2-BBCFEF28AECC}.Debug|x86.Build.0 = Debug|Any CPU
		{015D34F4-C7A5-E810-19B2-BBCFEF28AECC}.Release|Any CPU.ActiveCfg = Release|Any CPU
		{015D34F4-C7A5-E810-19B2-BBCFEF28AECC}.Release|Any CPU.Build.0 = Release|Any CPU
		{015D34F4-C7A5-E810-19B2-BBCFEF28AECC}.Release|x64.ActiveCfg = Release|Any CPU
		{015D34F4-C7A5-E810-19B2-BBCFEF28AECC}.Release|x64.Build.0 = Release|Any CPU
		{015D34F4-C7A5-E810-19B2-BBCFEF28AECC}.Release|x86.ActiveCfg = Release|Any CPU
		{015D34F4-C7A5-E810-19B2-BBCFEF28AECC}.Release|x86.Build.0 = Release|Any CPU
		{8E0892FC-70DC-4204-8F20-60A3855867A9}.Debug|Any CPU.ActiveCfg = Debug|Any CPU
		{8E0892FC-70DC-4204-8F20-60A3855867A9}.Debug|Any CPU.Build.0 = Debug|Any CPU
		{8E0892FC-70DC-4204-8F20-60A3855867A9}.Debug|x64.ActiveCfg = Debug|Any CPU
		{8E0892FC-70DC-4204-8F20-60A3855867A9}.Debug|x64.Build.0 = Debug|Any CPU
		{8E0892FC-70DC-4204-8F20-60A3855867A9}.Debug|x86.ActiveCfg = Debug|Any CPU
		{8E0892FC-70DC-4204-8F20-60A3855867A9}.Debug|x86.Build.0 = Debug|Any CPU
		{8E0892FC-70DC-4204-8F20-60A3855867A9}.Release|Any CPU.ActiveCfg = Release|Any CPU
		{8E0892FC-70DC-4204-8F20-60A3855867A9}.Release|Any CPU.Build.0 = Release|Any CPU
		{8E0892FC-70DC-4204-8F20-60A3855867A9}.Release|x64.ActiveCfg = Release|Any CPU
		{8E0892FC-70DC-4204-8F20-60A3855867A9}.Release|x64.Build.0 = Release|Any CPU
		{8E0892FC-70DC-4204-8F20-60A3855867A9}.Release|x86.ActiveCfg = Release|Any CPU
		{8E0892FC-70DC-4204-8F20-60A3855867A9}.Release|x86.Build.0 = Release|Any CPU
		{E355BE40-36C7-4073-A34E-3A63EE6D1FE9}.Debug|Any CPU.ActiveCfg = Debug|Any CPU
		{E355BE40-36C7-4073-A34E-3A63EE6D1FE9}.Debug|Any CPU.Build.0 = Debug|Any CPU
		{E355BE40-36C7-4073-A34E-3A63EE6D1FE9}.Debug|x64.ActiveCfg = Debug|Any CPU
		{E355BE40-36C7-4073-A34E-3A63EE6D1FE9}.Debug|x64.Build.0 = Debug|Any CPU
		{E355BE40-36C7-4073-A34E-3A63EE6D1FE9}.Debug|x86.ActiveCfg = Debug|Any CPU
		{E355BE40-36C7-4073-A34E-3A63EE6D1FE9}.Debug|x86.Build.0 = Debug|Any CPU
		{E355BE40-36C7-4073-A34E-3A63EE6D1FE9}.Release|Any CPU.ActiveCfg = Release|Any CPU
		{E355BE40-36C7-4073-A34E-3A63EE6D1FE9}.Release|Any CPU.Build.0 = Release|Any CPU
		{E355BE40-36C7-4073-A34E-3A63EE6D1FE9}.Release|x64.ActiveCfg = Release|Any CPU
		{E355BE40-36C7-4073-A34E-3A63EE6D1FE9}.Release|x64.Build.0 = Release|Any CPU
		{E355BE40-36C7-4073-A34E-3A63EE6D1FE9}.Release|x86.ActiveCfg = Release|Any CPU
		{E355BE40-36C7-4073-A34E-3A63EE6D1FE9}.Release|x86.Build.0 = Release|Any CPU
	EndGlobalSection
	GlobalSection(SolutionProperties) = preSolution
		HideSolutionNode = FALSE
	EndGlobalSection
	GlobalSection(NestedProjects) = preSolution
		{BFE8EE7F-E2B6-52E4-E47F-E1FC6533FE48} = {37C9184F-4001-4FCB-B99E-2E5B660F8334}
		{20207879-0B4E-859B-4BF8-DEA87CE43E8D} = {0C386FC5-BD20-422F-8C6A-AF0489C4207D}
		{6F6743C6-8FC3-59E6-1C58-623EBB32A7A6} = {9CFC57EB-2113-48E6-AA82-56555D2E4DD1}
		{CA63F589-F532-4C7B-B669-1A899A1D0130} = {9CFC57EB-2113-48E6-AA82-56555D2E4DD1}
		{CED9C364-5385-21F1-4AEC-7BC6E66ED7AB} = {9CFC57EB-2113-48E6-AA82-56555D2E4DD1}
		{6854374F-22EF-4152-AAA1-EBDB08968866} = {E4B58ED5-D371-47A2-B954-076AC771B935}
		{F9652CB2-C310-44CC-A868-1A4C3D4F3A4A} = {6854374F-22EF-4152-AAA1-EBDB08968866}
		{E8DDA4B2-7A60-0114-5BB4-873CF59407B3} = {02EA681E-C7D8-13C7-8484-4AC65E1B71E8}
		{FAA8EEC4-6C9E-49ED-A70E-E69B3865356B} = {6854374F-22EF-4152-AAA1-EBDB08968866}
		{8D557D01-2AA0-4333-956A-1EEC0F1448AB} = {6854374F-22EF-4152-AAA1-EBDB08968866}
		{E144A4B0-2691-41D1-AEAE-3791F9C93F78} = {E4B58ED5-D371-47A2-B954-076AC771B935}
		{BD20F405-276C-4398-FF88-67218F1FA890} = {E144A4B0-2691-41D1-AEAE-3791F9C93F78}
		{317E4A23-4E9C-388D-8125-AF2867C3FFF3} = {0C386FC5-BD20-422F-8C6A-AF0489C4207D}
		{ADBE260D-27CF-485A-86D0-A7FABCEAA675} = {0C386FC5-BD20-422F-8C6A-AF0489C4207D}
		{EBB933D5-D811-9956-21E0-5F7CC95D78DC} = {E4B58ED5-D371-47A2-B954-076AC771B935}
		{08D6BE5A-42AC-474B-9931-65FAC4F40DAD} = {9CFC57EB-2113-48E6-AA82-56555D2E4DD1}
		{56B2BAC1-16B5-4D86-95DF-0A12A9591E28} = {08D6BE5A-42AC-474B-9931-65FAC4F40DAD}
		{C25E48B6-94E7-4D25-A6CE-BEA6145838C7} = {9CFC57EB-2113-48E6-AA82-56555D2E4DD1}
		{4C3638DC-DCF2-4E72-A795-4BC5B6238C81} = {C25E48B6-94E7-4D25-A6CE-BEA6145838C7}
		{3CE2BBEB-4BE6-438A-A1D8-F65EC8444865} = {9CFC57EB-2113-48E6-AA82-56555D2E4DD1}
		{FF88CF5C-B382-488C-BA88-5865DE0D1665} = {3CE2BBEB-4BE6-438A-A1D8-F65EC8444865}
		{3FEC95DC-A467-4024-9FAA-D4F3549963A4} = {37C9184F-4001-4FCB-B99E-2E5B660F8334}
		{6891C514-B7D5-C7D3-054C-38F642D63376} = {6854374F-22EF-4152-AAA1-EBDB08968866}
		{F1E466B7-B329-4897-A8CA-86DB4E633F25} = {6854374F-22EF-4152-AAA1-EBDB08968866}
		{8AF09914-02E7-4A0D-A938-5E1BC6D96B3C} = {6854374F-22EF-4152-AAA1-EBDB08968866}
		{F0CDE304-C319-486A-99C4-A93F9D17A91D} = {51101450-DFB5-4B36-AB9C-5D67C9C0F900}
		{53F69161-5E4C-45A3-947E-82A98576BD2D} = {51101450-DFB5-4B36-AB9C-5D67C9C0F900}
		{015D34F4-C7A5-E810-19B2-BBCFEF28AECC} = {02EA681E-C7D8-13C7-8484-4AC65E1B71E8}
		{8E0892FC-70DC-4204-8F20-60A3855867A9} = {6854374F-22EF-4152-AAA1-EBDB08968866}
		{E355BE40-36C7-4073-A34E-3A63EE6D1FE9} = {51101450-DFB5-4B36-AB9C-5D67C9C0F900}
	EndGlobalSection
	GlobalSection(ExtensibilityGlobals) = postSolution
		SolutionGuid = {3D35CB94-95A7-4F88-89B9-C114F8BF1222}
	EndGlobalSection
EndGlobal
